
Microsoft Visual Studio Solution File, Format Version 12.00
# Visual Studio 15
VisualStudioVersion = 15.0.27130.2024
MinimumVisualStudioVersion = 10.0.40219.1
Project("{FAE04EC0-301F-11D3-BF4B-00C04F79EFBC}") = "WebShop", "WebShop\WebShop.csproj", "{8E3C67F9-F85F-4548-8164-1A023C7EAD5A}"
EndProject
Global
	GlobalSection(SolutionConfigurationPlatforms) = preSolution
		Debug|Any CPU = Debug|Any CPU
		Release|Any CPU = Release|Any CPU
	EndGlobalSection
	GlobalSection(ProjectConfigurationPlatforms) = postSolution
		{8E3C67F9-F85F-4548-8164-1A023C7EAD5A}.Debug|Any CPU.ActiveCfg = Debug|Any CPU
		{8E3C67F9-F85F-4548-8164-1A023C7EAD5A}.Debug|Any CPU.Build.0 = Debug|Any CPU
		{8E3C67F9-F85F-4548-8164-1A023C7EAD5A}.Release|Any CPU.ActiveCfg = Release|Any CPU
		{8E3C67F9-F85F-4548-8164-1A023C7EAD5A}.Release|Any CPU.Build.0 = Release|Any CPU
	EndGlobalSection
	GlobalSection(SolutionProperties) = preSolution
		HideSolutionNode = FALSE
	EndGlobalSection
	GlobalSection(ExtensibilityGlobals) = postSolution
		SolutionGuid = {4DDEF791-3995-4B23-8ABF-6D925B1E0DAC}
	EndGlobalSection
EndGlobal
